
Microsoft Visual Studio Solution File, Format Version 12.00
# Visual Studio Version 16
VisualStudioVersion = 16.0.31515.178
MinimumVisualStudioVersion = 10.0.40219.1
Project("{FAE04EC0-301F-11D3-BF4B-00C04F79EFBC}") = "Ftp_client", "Ftp_client.csproj", "{900CB820-C137-4E09-A024-5EB392C945ED}"
EndProject
Global
	GlobalSection(SolutionConfigurationPlatforms) = preSolution
		Debug|Any CPU = Debug|Any CPU
		Release|Any CPU = Release|Any CPU
	EndGlobalSection
	GlobalSection(ProjectConfigurationPlatforms) = postSolution
		{900CB820-C137-4E09-A024-5EB392C945ED}.Debug|Any CPU.ActiveCfg = Debug|Any CPU
		{900CB820-C137-4E09-A024-5EB392C945ED}.Debug|Any CPU.Build.0 = Debug|Any CPU
		{900CB820-C137-4E09-A024-5EB392C945ED}.Release|Any CPU.ActiveCfg = Release|Any CPU
		{900CB820-C137-4E09-A024-5EB392C945ED}.Release|Any CPU.Build.0 = Release|Any CPU
	EndGlobalSection
	GlobalSection(SolutionProperties) = preSolution
		HideSolutionNode = FALSE
	EndGlobalSection
	GlobalSection(ExtensibilityGlobals) = postSolution
		SolutionGuid = {BF1BED82-70A8-45BC-ACD2-593C329E6BDB}
	EndGlobalSection
EndGlobal
